# This file is autogenerated, do not edit; changes may be undone by the next 'dep ensure'.


[[projects]]
  branch = "master"
  name = "github.com/antonlindstrom/gostddev"
  packages = ["."]
  revision = "0bc0a0485419ceca6c06a200fcae735eeae9917e"

[solve-meta]
  analyzer-name = "dep"
  analyzer-version = 1
  inputs-digest = "aaeeb9045c15a5e4acaa50389959f6db3a7cf585c8257d358e31fa9d8417ae7d"
  solver-name = "gps-cdcl"
  solver-version = 1
